// !$*UTF8*$!
{
	archiveVersion = 1;
	classes = {
	};
	objectVersion = 46;
	objects = {

/* Begin PBXBuildFile section */
		30E54F631A498980002C2AC9 /* AppDelegate.swift in Sources */ = {isa = PBXBuildFile; fileRef = 30E54F621A498980002C2AC9 /* AppDelegate.swift */; };
		30E54F651A498980002C2AC9 /* ViewController.swift in Sources */ = {isa = PBXBuildFile; fileRef = 30E54F641A498980002C2AC9 /* ViewController.swift */; };
		30E54F681A498980002C2AC9 /* Main.storyboard in Resources */ = {isa = PBXBuildFile; fileRef = 30E54F661A498980002C2AC9 /* Main.storyboard */; };
		30E54F6A1A498980002C2AC9 /* Images.xcassets in Resources */ = {isa = PBXBuildFile; fileRef = 30E54F691A498980002C2AC9 /* Images.xcassets */; };
		30E54F6D1A498980002C2AC9 /* LaunchScreen.xib in Resources */ = {isa = PBXBuildFile; fileRef = 30E54F6B1A498980002C2AC9 /* LaunchScreen.xib */; };
		30E54F791A498980002C2AC9 /* FirstProjectTests.swift in Sources */ = {isa = PBXBuildFile; fileRef = 30E54F781A498980002C2AC9 /* FirstProjectTests.swift */; };
		30E54F831A498C8F002C2AC9 /* SagradaFamilia.jpeg in Resources */ = {isa = PBXBuildFile; fileRef = 30E54F821A498C8F002C2AC9 /* SagradaFamilia.jpeg */; };
		30E54F851A498C99002C2AC9 /* AlbertEinsteinStamp.jpg in Resources */ = {isa = PBXBuildFile; fileRef = 30E54F841A498C99002C2AC9 /* AlbertEinsteinStamp.jpg */; };
/* End PBXBuildFile section */

/* Begin PBXContainerItemProxy section */
		30E54F731A498980002C2AC9 /* PBXContainerItemProxy */ = {
			isa = PBXContainerItemProxy;
			containerPortal = 30E54F551A49897F002C2AC9 /* Project object */;
			proxyType = 1;
			remoteGlobalIDString = 30E54F5C1A498980002C2AC9;
			remoteInfo = FirstProject;
		};
/* End PBXContainerItemProxy section */

/* Begin PBXFileReference section */
		30E54F5D1A498980002C2AC9 /* FirstProject.app */ = {isa = PBXFileReference; explicitFileType = wrapper.application; includeInIndex = 0; path = FirstProject.app; sourceTree = BUILT_PRODUCTS_DIR; };
		30E54F611A498980002C2AC9 /* Info.plist */ = {isa = PBXFileReference; lastKnownFileType = text.plist.xml; path = Info.plist; sourceTree = "<group>"; };
		30E54F621A498980002C2AC9 /* AppDelegate.swift */ = {isa = PBXFileReference; lastKnownFileType = sourcecode.swift; path = AppDelegate.swift; sourceTree = "<group>"; };
		30E54F641A498980002C2AC9 /* ViewController.swift */ = {isa = PBXFileReference; lastKnownFileType = sourcecode.swift; path = ViewController.swift; sourceTree = "<group>"; };
		30E54F671A498980002C2AC9 /* Base */ = {isa = PBXFileReference; lastKnownFileType = file.storyboard; name = Base; path = Base.lproj/Main.storyboard; sourceTree = "<group>"; };
		30E54F691A498980002C2AC9 /* Images.xcassets */ = {isa = PBXFileReference; lastKnownFileType = folder.assetcatalog; path = Images.xcassets; sourceTree = "<group>"; };
		30E54F6C1A498980002C2AC9 /* Base */ = {isa = PBXFileReference; lastKnownFileType = file.xib; name = Base; path = Base.lproj/LaunchScreen.xib; sourceTree = "<group>"; };
		30E54F721A498980002C2AC9 /* FirstProjectTests.xctest */ = {isa = PBXFileReference; explicitFileType = wrapper.cfbundle; includeInIndex = 0; path = FirstProjectTests.xctest; sourceTree = BUILT_PRODUCTS_DIR; };
		30E54F771A498980002C2AC9 /* Info.plist */ = {isa = PBXFileReference; lastKnownFileType = text.plist.xml; path = Info.plist; sourceTree = "<group>"; };
		30E54F781A498980002C2AC9 /* FirstProjectTests.swift */ = {isa = PBXFileReference; lastKnownFileType = sourcecode.swift; path = FirstProjectTests.swift; sourceTree = "<group>"; };
		30E54F821A498C8F002C2AC9 /* SagradaFamilia.jpeg */ = {isa = PBXFileReference; lastKnownFileType = image.jpeg; path = SagradaFamilia.jpeg; sourceTree = "<group>"; };
		30E54F841A498C99002C2AC9 /* AlbertEinsteinStamp.jpg */ = {isa = PBXFileReference; lastKnownFileType = image.jpeg; path = AlbertEinsteinStamp.jpg; sourceTree = "<group>"; };
/* End PBXFileReference section */

/* Begin PBXFrameworksBuildPhase section */
		30E54F5A1A498980002C2AC9 /* Frameworks */ = {
			isa = PBXFrameworksBuildPhase;
			buildActionMask = 2147483647;
			files = (
			);
			runOnlyForDeploymentPostprocessing = 0;
		};
		30E54F6F1A498980002C2AC9 /* Frameworks */ = {
			isa = PBXFrameworksBuildPhase;
			buildActionMask = 2147483647;
			files = (
			);
			runOnlyForDeploymentPostprocessing = 0;
		};
/* End PBXFrameworksBuildPhase section */

/* Begin PBXGroup section */
		30E54F541A49897F002C2AC9 = {
			isa = PBXGroup;
			children = (
				30E54F5F1A498980002C2AC9 /* FirstProject */,
				30E54F751A498980002C2AC9 /* FirstProjectTests */,
				30E54F5E1A498980002C2AC9 /* Products */,
			);
			sourceTree = "<group>";
		};
		30E54F5E1A498980002C2AC9 /* Products */ = {
			isa = PBXGroup;
			children = (
				30E54F5D1A498980002C2AC9 /* FirstProject.app */,
				30E54F721A498980002C2AC9 /* FirstProjectTests.xctest */,
			);
			name = Products;
			sourceTree = "<group>";
		};
		30E54F5F1A498980002C2AC9 /* FirstProject */ = {
			isa = PBXGroup;
			children = (
				30E54F621A498980002C2AC9 /* AppDelegate.swift */,
				30E54F641A498980002C2AC9 /* ViewController.swift */,
				30E54F661A498980002C2AC9 /* Main.storyboard */,
				30E54F691A498980002C2AC9 /* Images.xcassets */,
				30E54F6B1A498980002C2AC9 /* LaunchScreen.xib */,
				30E54F601A498980002C2AC9 /* Supporting Files */,
			);
			path = FirstProject;
			sourceTree = "<group>";
		};
		30E54F601A498980002C2AC9 /* Supporting Files */ = {
			isa = PBXGroup;
			children = (
				30E54F841A498C99002C2AC9 /* AlbertEinsteinStamp.jpg */,
				30E54F821A498C8F002C2AC9 /* SagradaFamilia.jpeg */,
				30E54F611A498980002C2AC9 /* Info.plist */,
			);
			name = "Supporting Files";
			sourceTree = "<group>";
		};
		30E54F751A498980002C2AC9 /* FirstProjectTests */ = {
			isa = PBXGroup;
			children = (
				30E54F781A498980002C2AC9 /* FirstProjectTests.swift */,
				30E54F761A498980002C2AC9 /* Supporting Files */,
			);
			path = FirstProjectTests;
			sourceTree = "<group>";
		};
		30E54F761A498980002C2AC9 /* Supporting Files */ = {
			isa = PBXGroup;
			children = (
				30E54F771A498980002C2AC9 /* Info.plist */,
			);
			name = "Supporting Files";
			sourceTree = "<group>";
		};
/* End PBXGroup section */

/* Begin PBXNativeTarget section */
		30E54F5C1A498980002C2AC9 /* FirstProject */ = {
			isa = PBXNativeTarget;
			buildConfigurationList = 30E54F7C1A498980002C2AC9 /* Build configuration list for PBXNativeTarget "FirstProject" */;
			buildPhases = (
				30E54F591A498980002C2AC9 /* Sources */,
				30E54F5A1A498980002C2AC9 /* Frameworks */,
				30E54F5B1A498980002C2AC9 /* Resources */,
			);
			buildRules = (
			);
			dependencies = (
			);
			name = FirstProject;
			productName = FirstProject;
			productReference = 30E54F5D1A498980002C2AC9 /* FirstProject.app */;
			productType = "com.apple.product-type.application";
		};
		30E54F711A498980002C2AC9 /* FirstProjectTests */ = {
			isa = PBXNativeTarget;
			buildConfigurationList = 30E54F7F1A498980002C2AC9 /* Build configuration list for PBXNativeTarget "FirstProjectTests" */;
			buildPhases = (
				30E54F6E1A498980002C2AC9 /* Sources */,
				30E54F6F1A498980002C2AC9 /* Frameworks */,
				30E54F701A498980002C2AC9 /* Resources */,
			);
			buildRules = (
			);
			dependencies = (
				30E54F741A498980002C2AC9 /* PBXTargetDependency */,
			);
			name = FirstProjectTests;
			productName = FirstProjectTests;
			productReference = 30E54F721A498980002C2AC9 /* FirstProjectTests.xctest */;
			productType = "com.apple.product-type.bundle.unit-test";
		};
/* End PBXNativeTarget section */

/* Begin PBXProject section */
		30E54F551A49897F002C2AC9 /* Project object */ = {
			isa = PBXProject;
			attributes = {
				LastUpgradeCheck = 0610;
				ORGANIZATIONNAME = "David Nachtigall";
				TargetAttributes = {
					30E54F5C1A498980002C2AC9 = {
						CreatedOnToolsVersion = 6.1.1;
					};
					30E54F711A498980002C2AC9 = {
						CreatedOnToolsVersion = 6.1.1;
						TestTargetID = 30E54F5C1A498980002C2AC9;
					};
				};
			};
			buildConfigurationList = 30E54F581A498980002C2AC9 /* Build configuration list for PBXProject "FirstProject" */;
			compatibilityVersion = "Xcode 3.2";
			developmentRegion = English;
			hasScannedForEncodings = 0;
			knownRegions = (
				en,
				Base,
			);
			mainGroup = 30E54F541A49897F002C2AC9;
			productRefGroup = 30E54F5E1A498980002C2AC9 /* Products */;
			projectDirPath = "";
			projectRoot = "";
			targets = (
				30E54F5C1A498980002C2AC9 /* FirstProject */,
				30E54F711A498980002C2AC9 /* FirstProjectTests */,
			);
		};
/* End PBXProject section */

/* Begin PBXResourcesBuildPhase section */
		30E54F5B1A498980002C2AC9 /* Resources */ = {
			isa = PBXResourcesBuildPhase;
			buildActionMask = 2147483647;
			files = (
				30E54F681A498980002C2AC9 /* Main.storyboard in Resources */,
				30E54F831A498C8F002C2AC9 /* SagradaFamilia.jpeg in Resources */,
				30E54F851A498C99002C2AC9 /* AlbertEinsteinStamp.jpg in Resources */,
				30E54F6D1A498980002C2AC9 /* LaunchScreen.xib in Resources */,
				30E54F6A1A498980002C2AC9 /* Images.xcassets in Resources */,
			);
			runOnlyForDeploymentPostprocessing = 0;
		};
		30E54F701A498980002C2AC9 /* Resources */ = {
			isa = PBXResourcesBuildPhase;
			buildActionMask = 2147483647;
			files = (
			);
			runOnlyForDeploymentPostprocessing = 0;
		};
/* End PBXResourcesBuildPhase section */

/* Begin PBXSourcesBuildPhase section */
		30E54F591A498980002C2AC9 /* Sources */ = {
			isa = PBXSourcesBuildPhase;
			buildActionMask = 2147483647;
			files = (
				30E54F651A498980002C2AC9 /* ViewController.swift in Sources */,
				30E54F631A498980002C2AC9 /* AppDelegate.swift in Sources */,
			);
			runOnlyForDeploymentPostprocessing = 0;
		};
		30E54F6E1A498980002C2AC9 /* Sources */ = {
			isa = PBXSourcesBuildPhase;
			buildActionMask = 2147483647;
			files = (
				30E54F791A498980002C2AC9 /* FirstProjectTests.swift in Sources */,
			);
			runOnlyForDeploymentPostprocessing = 0;
		};
/* End PBXSourcesBuildPhase section */

/* Begin PBXTargetDependency section */
		30E54F741A498980002C2AC9 /* PBXTargetDependency */ = {
			isa = PBXTargetDependency;
			target = 30E54F5C1A498980002C2AC9 /* FirstProject */;
			targetProxy = 30E54F731A498980002C2AC9 /* PBXContainerItemProxy */;
		};
/* End PBXTargetDependency section */

/* Begin PBXVariantGroup section */
		30E54F661A498980002C2AC9 /* Main.storyboard */ = {
			isa = PBXVariantGroup;
			children = (
				30E54F671A498980002C2AC9 /* Base */,
			);
			name = Main.storyboard;
			sourceTree = "<group>";
		};
		30E54F6B1A498980002C2AC9 /* LaunchScreen.xib */ = {
			isa = PBXVariantGroup;
			children = (
				30E54F6C1A498980002C2AC9 /* Base */,
			);
			name = LaunchScreen.xib;
			sourceTree = "<group>";
		};
/* End PBXVariantGroup section */

/* Begin XCBuildConfiguration section */
		30E54F7A1A498980002C2AC9 /* Debug */ = {
			isa = XCBuildConfiguration;
			buildSettings = {
				ALWAYS_SEARCH_USER_PATHS = NO;
				CLANG_CXX_LANGUAGE_STANDARD = "gnu++0x";
				CLANG_CXX_LIBRARY = "libc++";
				CLANG_ENABLE_MODULES = YES;
				CLANG_ENABLE_OBJC_ARC = YES;
				CLANG_WARN_BOOL_CONVERSION = YES;
				CLANG_WARN_CONSTANT_CONVERSION = YES;
				CLANG_WARN_DIRECT_OBJC_ISA_USAGE = YES_ERROR;
				CLANG_WARN_EMPTY_BODY = YES;
				CLANG_WARN_ENUM_CONVERSION = YES;
				CLANG_WARN_INT_CONVERSION = YES;
				CLANG_WARN_OBJC_ROOT_CLASS = YES_ERROR;
				CLANG_WARN_UNREACHABLE_CODE = YES;
				CLANG_WARN__DUPLICATE_METHOD_MATCH = YES;
				"CODE_SIGN_IDENTITY[sdk=iphoneos*]" = "iPhone Developer";
				COPY_PHASE_STRIP = NO;
				ENABLE_STRICT_OBJC_MSGSEND = YES;
				GCC_C_LANGUAGE_STANDARD = gnu99;
				GCC_DYNAMIC_NO_PIC = NO;
				GCC_OPTIMIZATION_LEVEL = 0;
				GCC_PREPROCESSOR_DEFINITIONS = (
					"DEBUG=1",
					"$(inherited)",
				);
				GCC_SYMBOLS_PRIVATE_EXTERN = NO;
				GCC_WARN_64_TO_32_BIT_CONVERSION = YES;
				GCC_WARN_ABOUT_RETURN_TYPE = YES_ERROR;
				GCC_WARN_UNDECLARED_SELECTOR = YES;
				GCC_WARN_UNINITIALIZED_AUTOS = YES_AGGRESSIVE;
				GCC_WARN_UNUSED_FUNCTION = YES;
				GCC_WARN_UNUSED_VARIABLE = YES;
				IPHONEOS_DEPLOYMENT_TARGET = 8.1;
				MTL_ENABLE_DEBUG_INFO = YES;
				ONLY_ACTIVE_ARCH = YES;
				SDKROOT = iphoneos;
				SWIFT_OPTIMIZATION_LEVEL = "-Onone";
				TARGETED_DEVICE_FAMILY = "1,2";
			};
			name = Debug;
		};
		30E54F7B1A498980002C2AC9 /* Release */ = {
			isa = XCBuildConfiguration;
			buildSettings = {
				ALWAYS_SEARCH_USER_PATHS = NO;
				CLANG_CXX_LANGUAGE_STANDARD = "gnu++0x";
				CLANG_CXX_LIBRARY = "libc++";
				CLANG_ENABLE_MODULES = YES;
				CLANG_ENABLE_OBJC_ARC = YES;
				CLANG_WARN_BOOL_CONVERSION = YES;
				CLANG_WARN_CONSTANT_CONVERSION = YES;
				CLANG_WARN_DIRECT_OBJC_ISA_USAGE = YES_ERROR;
				CLANG_WARN_EMPTY_BODY = YES;
				CLANG_WARN_ENUM_CONVERSION = YES;
				CLANG_WARN_INT_CONVERSION = YES;
				CLANG_WARN_OBJC_ROOT_CLASS = YES_ERROR;
				CLANG_WARN_UNREACHABLE_CODE = YES;
				CLANG_WARN__DUPLICATE_METHOD_MATCH = YES;
				"CODE_SIGN_IDENTITY[sdk=iphoneos*]" = "iPhone Developer";
				COPY_PHASE_STRIP = YES;
				ENABLE_NS_ASSERTIONS = NO;
				ENABLE_STRICT_OBJC_MSGSEND = YES;
				GCC_C_LANGUAGE_STANDARD = gnu99;
				GCC_WARN_64_TO_32_BIT_CONVERSION = YES;
				GCC_WARN_ABOUT_RETURN_TYPE = YES_ERROR;
				GCC_WARN_UNDECLARED_SELECTOR = YES;
				GCC_WARN_UNINITIALIZED_AUTOS = YES_AGGRESSIVE;
				GCC_WARN_UNUSED_FUNCTION = YES;
				GCC_WARN_UNUSED_VARIABLE = YES;
				IPHONEOS_DEPLOYMENT_TARGET = 8.1;
				MTL_ENABLE_DEBUG_INFO = NO;
				SDKROOT = iphoneos;
				TARGETED_DEVICE_FAMILY = "1,2";
				VALIDATE_PRODUCT = YES;
			};
			name = Release;
		};
		30E54F7D1A498980002C2AC9 /* Debug */ = {
			isa = XCBuildConfiguration;
			buildSettings = {
				ASSETCATALOG_COMPILER_APPICON_NAME = AppIcon;
				INFOPLIST_FILE = FirstProject/Info.plist;
				LD_RUNPATH_SEARCH_PATHS = "$(inherited) @executable_path/Frameworks";
				PRODUCT_NAME = "$(TARGET_NAME)";
			};
			name = Debug;
		};
		30E54F7E1A498980002C2AC9 /* Release */ = {
			isa = XCBuildConfiguration;
			buildSettings = {
				ASSETCATALOG_COMPILER_APPICON_NAME = AppIcon;
				INFOPLIST_FILE = FirstProject/Info.plist;
				LD_RUNPATH_SEARCH_PATHS = "$(inherited) @executable_path/Frameworks";
				PRODUCT_NAME = "$(TARGET_NAME)";
			};
			name = Release;
		};
		30E54F801A498980002C2AC9 /* Debug */ = {
			isa = XCBuildConfiguration;
			buildSettings = {
				BUNDLE_LOADER = "$(TEST_HOST)";
				FRAMEWORK_SEARCH_PATHS = (
					"$(SDKROOT)/Developer/Library/Frameworks",
					"$(inherited)",
				);
				GCC_PREPROCESSOR_DEFINITIONS = (
					"DEBUG=1",
					"$(inherited)",
				);
				INFOPLIST_FILE = FirstProjectTests/Info.plist;
				LD_RUNPATH_SEARCH_PATHS = "$(inherited) @executable_path/Frameworks @loader_path/Frameworks";
				PRODUCT_NAME = "$(TARGET_NAME)";
				TEST_HOST = "$(BUILT_PRODUCTS_DIR)/FirstProject.app/FirstProject";
			};
			name = Debug;
		};
		30E54F811A498980002C2AC9 /* Release */ = {
			isa = XCBuildConfiguration;
			buildSettings = {
				BUNDLE_LOADER = "$(TEST_HOST)";
				FRAMEWORK_SEARCH_PATHS = (
					"$(SDKROOT)/Developer/Library/Frameworks",
					"$(inherited)",
				);
				INFOPLIST_FILE = FirstProjectTests/Info.plist;
				LD_RUNPATH_SEARCH_PATHS = "$(inherited) @executable_path/Frameworks @loader_path/Frameworks";
				PRODUCT_NAME = "$(TARGET_NAME)";
				TEST_HOST = "$(BUILT_PRODUCTS_DIR)/FirstProject.app/FirstProject";
			};
			name = Release;
		};
/* End XCBuildConfiguration section */

/* Begin XCConfigurationList section */
		30E54F581A498980002C2AC9 /* Build configuration list for PBXProject "FirstProject" */ = {
			isa = XCConfigurationList;
			buildConfigurations = (
				30E54F7A1A498980002C2AC9 /* Debug */,
				30E54F7B1A498980002C2AC9 /* Release */,
			);
			defaultConfigurationIsVisible = 0;
			defaultConfigurationName = Release;
		};
		30E54F7C1A498980002C2AC9 /* Build configuration list for PBXNativeTarget "FirstProject" */ = {
			isa = XCConfigurationList;
			buildConfigurations = (
				30E54F7D1A498980002C2AC9 /* Debug */,
				30E54F7E1A498980002C2AC9 /* Release */,
			);
			defaultConfigurationIsVisible = 0;
		};
		30E54F7F1A498980002C2AC9 /* Build configuration list for PBXNativeTarget "FirstProjectTests" */ = {
			isa = XCConfigurationList;
			buildConfigurations = (
				30E54F801A498980002C2AC9 /* Debug */,
				30E54F811A498980002C2AC9 /* Release */,
			);
			defaultConfigurationIsVisible = 0;
		};
/* End XCConfigurationList section */
	};
	rootObject = 30E54F551A49897F002C2AC9 /* Project object */;
}
